#MicroXplorer Configuration settings - do not modify
CAD.formats=
CAD.pinconfig=
CAD.provider=
ETH.IPParameters=MediaInterface,RxMode,RxBuffLen
ETH.MediaInterface=HAL_ETH_RMII_MODE
ETH.RxBuffLen=1000
ETH.RxMode=ETH_RXINTERRUPT_MODE
FREERTOS.INCLUDE_uxTaskGetStackHighWaterMark2=1
FREERTOS.IPParameters=Tasks01,INCLUDE_uxTaskGetStackHighWaterMark2,configENABLE_FPU,configMINIMAL_STACK_SIZE,configTOTAL_HEAP_SIZE,configGENERATE_RUN_TIME_STATS,configUSE_STATS_FORMATTING_FUNCTIONS
FREERTOS.Tasks01=defaultTask,24,256,StartDefaultTask,Default,NULL,Dynamic,NULL,NULL
FREERTOS.configENABLE_FPU=1
FREERTOS.configGENERATE_RUN_TIME_STATS=0
FREERTOS.configMINIMAL_STACK_SIZE=256
FREERTOS.configTOTAL_HEAP_SIZE=30720
FREERTOS.configUSE_STATS_FORMATTING_FUNCTIONS=0
File.Version=6
KeepUserPlacement=false
LWIP.API_LIB_DEBUG=LWIP_DBG_ON
LWIP.API_MSG_DEBUG=LWIP_DBG_ON
LWIP.AUTOIP_DEBUG=LWIP_DBG_ON
LWIP.BSP.number=1
LWIP.DHCP_DEBUG=LWIP_DBG_ON
LWIP.DNS_DEBUG=LWIP_DBG_ON
LWIP.ETHARP_DEBUG=LWIP_DBG_ON
LWIP.GATEWAY_ADDRESS=192.168.001.001
LWIP.HTTPD_DEBUG=LWIP_DBG_ON
LWIP.HTTPD_DEBUG_TIMING=LWIP_DBG_ON
LWIP.ICMP_DEBUG=LWIP_DBG_ON
LWIP.IGMP_DEBUG=LWIP_DBG_ON
LWIP.INET_DEBUG=LWIP_DBG_ON
LWIP.IPParameters=LWIP_DHCP,IP_ADDRESS,NETMASK_ADDRESS,GATEWAY_ADDRESS,MEM_SIZE,LWIP_HTTPD,MEMP_NUM_TCP_PCB,ETHARP_DEBUG,NETIF_DEBUG,PBUF_DEBUG,IP_DEBUG,IP_REASS_DEBUG,API_LIB_DEBUG,API_MSG_DEBUG,SOCKETS_DEBUG,ICMP_DEBUG,IGMP_DEBUG,INET_DEBUG,RAW_DEBUG,MEM_DEBUG,MEMP_DEBUG,SYS_DEBUG,TIMERS_DEBUG,TCP_DEBUG,TCP_INPUT_DEBUG,TCP_FR_DEBUG,TCP_RTO_DEBUG,TCP_CWND_DEBUG,TCP_WND_DEBUG,TCP_OUTPUT_DEBUG,TCP_RST_DEBUG,TCP_QLEN_DEBUG,UDP_DEBUG,TCPIP_DEBUG,SLIP_DEBUG,DHCP_DEBUG,AUTOIP_DEBUG,DNS_DEBUG,PPP_DEBUG,HTTPD_DEBUG,HTTPD_DEBUG_TIMING,SNMP_DEBUG,SNMP_MIB_DEBUG,LWIP_DBG_MIN_LEVEL
LWIP.IP_ADDRESS=192.168.001.150
LWIP.IP_DEBUG=LWIP_DBG_ON
LWIP.IP_REASS_DEBUG=LWIP_DBG_ON
LWIP.LWIP_DBG_MIN_LEVEL=LWIP_DBG_LEVEL_ALL
LWIP.LWIP_DHCP=1
LWIP.LWIP_HTTPD=1
LWIP.MEMP_DEBUG=LWIP_DBG_ON
LWIP.MEMP_NUM_TCP_PCB=10
LWIP.MEM_DEBUG=LWIP_DBG_ON
LWIP.MEM_SIZE=10*1024
LWIP.NETIF_DEBUG=LWIP_DBG_ON
LWIP.NETMASK_ADDRESS=255.255.255.000
LWIP.PBUF_DEBUG=LWIP_DBG_ON
LWIP.PPP_DEBUG=LWIP_DBG_ON
LWIP.RAW_DEBUG=LWIP_DBG_ON
LWIP.SLIP_DEBUG=LWIP_DBG_ON
LWIP.SNMP_DEBUG=LWIP_DBG_ON
LWIP.SNMP_MIB_DEBUG=LWIP_DBG_ON
LWIP.SOCKETS_DEBUG=LWIP_DBG_ON
LWIP.SYS_DEBUG=LWIP_DBG_ON
LWIP.TCPIP_DEBUG=LWIP_DBG_ON
LWIP.TCP_CWND_DEBUG=LWIP_DBG_ON
LWIP.TCP_DEBUG=LWIP_DBG_ON
LWIP.TCP_FR_DEBUG=LWIP_DBG_ON
LWIP.TCP_INPUT_DEBUG=LWIP_DBG_ON
LWIP.TCP_OUTPUT_DEBUG=LWIP_DBG_ON
LWIP.TCP_QLEN_DEBUG=LWIP_DBG_ON
LWIP.TCP_RST_DEBUG=LWIP_DBG_ON
LWIP.TCP_RTO_DEBUG=LWIP_DBG_ON
LWIP.TCP_WND_DEBUG=LWIP_DBG_ON
LWIP.TIMERS_DEBUG=LWIP_DBG_ON
LWIP.UDP_DEBUG=LWIP_DBG_ON
LWIP.Version=v2.1.2_Cube
LWIP0.BSP.STBoard=false
LWIP0.BSP.api=BSP_COMPONENT_DRIVER
LWIP0.BSP.component=LAN8742
LWIP0.BSP.condition=
LWIP0.BSP.instance=LAN8742
LWIP0.BSP.ip=
LWIP0.BSP.mode=
LWIP0.BSP.name=Driver_PHY
LWIP0.BSP.semaphore=S_LAN8742
LWIP0.BSP.solution=LAN8742
Mcu.CPN=STM32F439ZIT6
Mcu.Family=STM32F4
Mcu.IP0=ETH
Mcu.IP1=FREERTOS
Mcu.IP2=LWIP
Mcu.IP3=NVIC
Mcu.IP4=RCC
Mcu.IP5=SYS
Mcu.IPNb=6
Mcu.Name=STM32F439Z(G-I)Tx
Mcu.Package=LQFP144
Mcu.Pin0=PH0/OSC_IN
Mcu.Pin1=PH1/OSC_OUT
Mcu.Pin10=PG13
Mcu.Pin11=VP_FREERTOS_VS_CMSIS_V2
Mcu.Pin12=VP_LWIP_VS_Enabled
Mcu.Pin13=VP_SYS_VS_tim6
Mcu.Pin2=PC1
Mcu.Pin3=PA1
Mcu.Pin4=PA2
Mcu.Pin5=PA7
Mcu.Pin6=PC4
Mcu.Pin7=PC5
Mcu.Pin8=PB13
Mcu.Pin9=PG11
Mcu.PinsNb=14
Mcu.ThirdPartyNb=0
Mcu.UserConstants=
Mcu.UserName=STM32F439ZITx
MxCube.Version=6.12.0
MxDb.Version=DB.6.0.120
NVIC.BusFault_IRQn=true\:0\:0\:false\:false\:true\:false\:true\:false\:false
NVIC.DebugMonitor_IRQn=true\:0\:0\:false\:false\:true\:false\:true\:false\:false
NVIC.ETH_IRQn=true\:5\:0\:false\:false\:true\:true\:false\:true\:true
NVIC.ForceEnableDMAVector=true
NVIC.HardFault_IRQn=true\:0\:0\:false\:false\:true\:false\:true\:false\:false
NVIC.MemoryManagement_IRQn=true\:0\:0\:false\:false\:true\:false\:true\:false\:false
NVIC.NonMaskableInt_IRQn=true\:0\:0\:false\:false\:true\:false\:true\:false\:false
NVIC.PendSV_IRQn=true\:15\:0\:false\:false\:false\:true\:true\:false\:false
NVIC.PriorityGroup=NVIC_PRIORITYGROUP_4
NVIC.SVCall_IRQn=true\:0\:0\:false\:false\:false\:false\:true\:false\:false
NVIC.SavedPendsvIrqHandlerGenerated=true
NVIC.SavedSvcallIrqHandlerGenerated=true
NVIC.SavedSystickIrqHandlerGenerated=true
NVIC.SysTick_IRQn=true\:15\:0\:false\:false\:false\:true\:true\:true\:false
NVIC.TIM6_DAC_IRQn=true\:15\:0\:false\:false\:true\:false\:false\:true\:true
NVIC.TimeBase=TIM6_DAC_IRQn
NVIC.TimeBaseIP=TIM6
NVIC.UsageFault_IRQn=true\:0\:0\:false\:false\:true\:false\:true\:false\:false
PA1.Mode=RMII
PA1.Signal=ETH_REF_CLK
PA2.Mode=RMII
PA2.Signal=ETH_MDIO
PA7.Mode=RMII
PA7.Signal=ETH_CRS_DV
PB13.Mode=RMII
PB13.Signal=ETH_TXD1
PC1.Mode=RMII
PC1.Signal=ETH_MDC
PC4.Mode=RMII
PC4.Signal=ETH_RXD0
PC5.Mode=RMII
PC5.Signal=ETH_RXD1
PG11.Locked=true
PG11.Mode=RMII
PG11.Signal=ETH_TX_EN
PG13.Locked=true
PG13.Mode=RMII
PG13.Signal=ETH_TXD0
PH0/OSC_IN.Mode=HSE-External-Oscillator
PH0/OSC_IN.Signal=RCC_OSC_IN
PH1/OSC_OUT.Mode=HSE-External-Oscillator
PH1/OSC_OUT.Signal=RCC_OSC_OUT
PinOutPanel.RotationAngle=0
ProjectManager.AskForMigrate=true
ProjectManager.BackupPrevious=false
ProjectManager.CompilerOptimize=6
ProjectManager.ComputerToolchain=false
ProjectManager.CoupleFile=false
ProjectManager.CustomerFirmwarePackage=
ProjectManager.DefaultFWLocation=true
ProjectManager.DeletePrevious=true
ProjectManager.DeviceId=STM32F439ZITx
ProjectManager.FirmwarePackage=STM32Cube FW_F4 V1.28.1
ProjectManager.FreePins=false
ProjectManager.HalAssertFull=false
ProjectManager.HeapSize=0x200
ProjectManager.KeepUserCode=true
ProjectManager.LastFirmware=true
ProjectManager.LibraryCopy=1
ProjectManager.MainLocation=Core/Src
ProjectManager.NoMain=false
ProjectManager.PreviousToolchain=STM32CubeIDE
ProjectManager.ProjectBuild=false
ProjectManager.ProjectFileName=http_netconn_server_rtos_f439.ioc
ProjectManager.ProjectName=http_netconn_server_rtos_f439
ProjectManager.ProjectStructure=
ProjectManager.RegisterCallBack=
ProjectManager.StackSize=0x400
ProjectManager.TargetToolchain=STM32CubeIDE
ProjectManager.ToolChainLocation=
ProjectManager.UAScriptAfterPath=
ProjectManager.UAScriptBeforePath=
ProjectManager.UnderRoot=true
ProjectManager.functionlistsort=1-SystemClock_Config-RCC-false-HAL-false,2-MX_GPIO_Init-GPIO-false-HAL-true,3-MX_LWIP_Init-LWIP-false-HAL-false
RCC.48MHZClocksFreq_Value=51428571.428571425
RCC.ADC12outputFreq_Value=72000000
RCC.ADC34outputFreq_Value=72000000
RCC.AHBFreq_Value=180000000
RCC.APB1CLKDivider=RCC_HCLK_DIV4
RCC.APB1Freq_Value=45000000
RCC.APB1TimFreq_Value=90000000
RCC.APB2CLKDivider=RCC_HCLK_DIV2
RCC.APB2Freq_Value=90000000
RCC.APB2TimFreq_Value=180000000
RCC.CortexFreq_Value=180000000
RCC.EthernetFreq_Value=180000000
RCC.FCLKCortexFreq_Value=180000000
RCC.FamilyName=M
RCC.HCLKFreq_Value=180000000
RCC.HSE_VALUE=8000000
RCC.HSI_VALUE=16000000
RCC.I2C1Freq_Value=8000000
RCC.I2C2Freq_Value=8000000
RCC.I2C3Freq_Value=8000000
RCC.I2SClocksFreq_Value=192000000
RCC.IPParameters=48MHZClocksFreq_Value,ADC12outputFreq_Value,ADC34outputFreq_Value,AHBFreq_Value,APB1CLKDivider,APB1Freq_Value,APB1TimFreq_Value,APB2CLKDivider,APB2Freq_Value,APB2TimFreq_Value,CortexFreq_Value,EthernetFreq_Value,FCLKCortexFreq_Value,FamilyName,HCLKFreq_Value,HSE_VALUE,HSI_VALUE,I2C1Freq_Value,I2C2Freq_Value,I2C3Freq_Value,I2SClocksFreq_Value,LCDTFTFreq_Value,LSE_VALUE,LSI_VALUE,MCO1PinFreq_Value,MCO2PinFreq_Value,MCOFreq_Value,PLLCLKFreq_Value,PLLM,PLLMCOFreq_Value,PLLMUL,PLLN,PLLQ,PLLQCLKFreq_Value,PRESCALERUSB,RTCFreq_Value,RTCHSEDivFreq_Value,SAI_AClocksFreq_Value,SAI_BClocksFreq_Value,SYSCLKFreq_VALUE,SYSCLKSource,SYSCLKSourceVirtual,TIM15Freq_Value,TIM16Freq_Value,TIM17Freq_Value,TIM1Freq_Value,TIM20Freq_Value,TIM2Freq_Value,TIM3Freq_Value,TIM8Freq_Value,UART4Freq_Value,UART5Freq_Value,USART1Freq_Value,USART2Freq_Value,USART3Freq_Value,USBFreq_Value,VCOI2SOutputFreq_Value,VCOInputFreq_Value,VCOOutput2Freq_Value,VCOOutputFreq_Value,VCOSAIOutputFreq_Value,VCOSAIOutputFreq_ValueQ,VCOSAIOutputFreq_ValueR,VcooutputI2S,VcooutputI2SQ,WatchDogFreq_Value
RCC.LCDTFTFreq_Value=24500000
RCC.LSE_VALUE=32768
RCC.LSI_VALUE=32000
RCC.MCO1PinFreq_Value=16000000
RCC.MCO2PinFreq_Value=180000000
RCC.MCOFreq_Value=72000000
RCC.PLLCLKFreq_Value=180000000
RCC.PLLM=8
RCC.PLLMCOFreq_Value=72000000
RCC.PLLMUL=RCC_PLL_MUL9
RCC.PLLN=180
RCC.PLLQ=7
RCC.PLLQCLKFreq_Value=51428571.428571425
RCC.PRESCALERUSB=RCC_USBCLKSOURCE_PLL_DIV1_5
RCC.RTCFreq_Value=32000
RCC.RTCHSEDivFreq_Value=4000000
RCC.SAI_AClocksFreq_Value=24500000
RCC.SAI_BClocksFreq_Value=24500000
RCC.SYSCLKFreq_VALUE=180000000
RCC.SYSCLKSource=RCC_SYSCLKSOURCE_PLLCLK
RCC.SYSCLKSourceVirtual=RCC_SYSCLKSOURCE_PLLCLK
RCC.TIM15Freq_Value=72000000
RCC.TIM16Freq_Value=72000000
RCC.TIM17Freq_Value=72000000
RCC.TIM1Freq_Value=72000000
RCC.TIM20Freq_Value=72000000
RCC.TIM2Freq_Value=72000000
RCC.TIM3Freq_Value=72000000
RCC.TIM8Freq_Value=72000000
RCC.UART4Freq_Value=36000000
RCC.UART5Freq_Value=36000000
RCC.USART1Freq_Value=72000000
RCC.USART2Freq_Value=36000000
RCC.USART3Freq_Value=36000000
RCC.USBFreq_Value=48000000
RCC.VCOI2SOutputFreq_Value=384000000
RCC.VCOInputFreq_Value=2000000
RCC.VCOOutput2Freq_Value=8000000
RCC.VCOOutputFreq_Value=360000000
RCC.VCOSAIOutputFreq_Value=98000000
RCC.VCOSAIOutputFreq_ValueQ=24500000
RCC.VCOSAIOutputFreq_ValueR=49000000
RCC.VcooutputI2S=192000000
RCC.VcooutputI2SQ=192000000
RCC.WatchDogFreq_Value=32000
VP_FREERTOS_VS_CMSIS_V2.Mode=CMSIS_V2
VP_FREERTOS_VS_CMSIS_V2.Signal=FREERTOS_VS_CMSIS_V2
VP_LWIP_VS_Enabled.Mode=Enabled
VP_LWIP_VS_Enabled.Signal=LWIP_VS_Enabled
VP_SYS_VS_tim6.Mode=TIM6
VP_SYS_VS_tim6.Signal=SYS_VS_tim6
board=NUCLEO-F439ZI
boardIOC=true
rtos.0.ip=FREERTOS
